
Microsoft Visual Studio Solution File, Format Version 12.00
# Visual Studio Version 17
VisualStudioVersion = 17.13.35931.197
MinimumVisualStudioVersion = 10.0.40219.1
Project("{FAE04EC0-301F-11D3-BF4B-00C04F79EFBC}") = "UserService", "UserService\UserService.csproj", "{92E865F4-7A7C-41BA-9056-BD8A978C0BDD}"
EndProject
Project("{FAE04EC0-301F-11D3-BF4B-00C04F79EFBC}") = "Shared", "Shared\Shared.csproj", "{6A8C7D05-C711-4496-B708-2859580947C4}"
EndProject
Project("{FAE04EC0-301F-11D3-BF4B-00C04F79EFBC}") = "QuotationService", "QuotationService\QuotationService.csproj", "{88506937-F3CC-477E-B014-15C17BEFF827}"
EndProject
Project("{FAE04EC0-301F-11D3-BF4B-00C04F79EFBC}") = "WebCargoService", "WebCargoService\WebCargoService.csproj", "{B9EEB14A-0791-4732-8ACA-BAA4A047CC9E}"
EndProject
Project("{FAE04EC0-301F-11D3-BF4B-00C04F79EFBC}") = "CargofiveService", "CargofiveService\CargofiveService.csproj", "{540192DC-6209-41DE-94B1-0D303EACBC38}"
EndProject
Global
	GlobalSection(SolutionConfigurationPlatforms) = preSolution
		Debug|Any CPU = Debug|Any CPU
		Release|Any CPU = Release|Any CPU
	EndGlobalSection
	GlobalSection(ProjectConfigurationPlatforms) = postSolution
		{92E865F4-7A7C-41BA-9056-BD8A978C0BDD}.Debug|Any CPU.ActiveCfg = Debug|Any CPU
		{92E865F4-7A7C-41BA-9056-BD8A978C0BDD}.Debug|Any CPU.Build.0 = Debug|Any CPU
		{92E865F4-7A7C-41BA-9056-BD8A978C0BDD}.Release|Any CPU.ActiveCfg = Release|Any CPU
		{92E865F4-7A7C-41BA-9056-BD8A978C0BDD}.Release|Any CPU.Build.0 = Release|Any CPU
		{6A8C7D05-C711-4496-B708-2859580947C4}.Debug|Any CPU.ActiveCfg = Debug|Any CPU
		{6A8C7D05-C711-4496-B708-2859580947C4}.Debug|Any CPU.Build.0 = Debug|Any CPU
		{6A8C7D05-C711-4496-B708-2859580947C4}.Release|Any CPU.ActiveCfg = Release|Any CPU
		{6A8C7D05-C711-4496-B708-2859580947C4}.Release|Any CPU.Build.0 = Release|Any CPU
		{88506937-F3CC-477E-B014-15C17BEFF827}.Debug|Any CPU.ActiveCfg = Debug|Any CPU
		{88506937-F3CC-477E-B014-15C17BEFF827}.Debug|Any CPU.Build.0 = Debug|Any CPU
		{88506937-F3CC-477E-B014-15C17BEFF827}.Release|Any CPU.ActiveCfg = Release|Any CPU
		{88506937-F3CC-477E-B014-15C17BEFF827}.Release|Any CPU.Build.0 = Release|Any CPU
		{B9EEB14A-0791-4732-8ACA-BAA4A047CC9E}.Debug|Any CPU.ActiveCfg = Debug|Any CPU
		{B9EEB14A-0791-4732-8ACA-BAA4A047CC9E}.Debug|Any CPU.Build.0 = Debug|Any CPU
		{B9EEB14A-0791-4732-8ACA-BAA4A047CC9E}.Release|Any CPU.ActiveCfg = Release|Any CPU
		{B9EEB14A-0791-4732-8ACA-BAA4A047CC9E}.Release|Any CPU.Build.0 = Release|Any CPU
		{540192DC-6209-41DE-94B1-0D303EACBC38}.Debug|Any CPU.ActiveCfg = Debug|Any CPU
		{540192DC-6209-41DE-94B1-0D303EACBC38}.Debug|Any CPU.Build.0 = Debug|Any CPU
		{540192DC-6209-41DE-94B1-0D303EACBC38}.Release|Any CPU.ActiveCfg = Release|Any CPU
		{540192DC-6209-41DE-94B1-0D303EACBC38}.Release|Any CPU.Build.0 = Release|Any CPU
	EndGlobalSection
	GlobalSection(SolutionProperties) = preSolution
		HideSolutionNode = FALSE
	EndGlobalSection
	GlobalSection(ExtensibilityGlobals) = postSolution
		SolutionGuid = {A4DFC40B-CD6A-4F40-B47F-6324D682D9D2}
	EndGlobalSection
EndGlobal
